<?xml version="1.0" encoding="utf-8"?>
<Project ToolsVersion="4.0" xmlns="http://schemas.microsoft.com/developer/msbuild/2003">
  <ItemGroup>
    <Filter Include="win32">
      <UniqueIdentifier>{84a8ebd7-7cf0-47f6-b75e-d441df67da40}</UniqueIdentifier>
    </Filter>
    <Filter Include="resource">
      <UniqueIdentifier>{715254bc-d70b-4ec5-bf29-467dd3ace079}</UniqueIdentifier>
    </Filter>
    <Filter Include="src">
      <UniqueIdentifier>{bb6c862e-70e9-49d9-81b7-3829a6f50471}</UniqueIdentifier>
    </Filter>
    <Filter Include="src\common">
      <UniqueIdentifier>{426bca5c-a63c-4a8c-afc6-bbd034d8197f}</UniqueIdentifier>
    </Filter>
    <Filter Include="src\model">
      <UniqueIdentifier>{2b4af5a9-5571-4e3c-9ae6-efeb633cfb89}</UniqueIdentifier>
    </Filter>
    <Filter Include="src\model\data">
      <UniqueIdentifier>{c435b92b-b4cf-4632-9eb7-9a35504a08c9}</UniqueIdentifier>
    </Filter>
    <Filter Include="src\common\observer">
      <UniqueIdentifier>{6285f443-5ce4-4e67-a9e1-79f951df0116}</UniqueIdentifier>
    </Filter>
    <Filter Include="src\common\shake">
      <UniqueIdentifier>{5b3a62c1-15d4-480f-aaf4-cf078ea9c998}</UniqueIdentifier>
    </Filter>
    <Filter Include="src\common\util">
      <UniqueIdentifier>{b3735066-28b3-45b4-9ed1-991246b7da93}</UniqueIdentifier>
    </Filter>
    <Filter Include="src\common\bitData">
      <UniqueIdentifier>{c2361aba-a4f2-44d0-b8be-4b3cca4643a8}</UniqueIdentifier>
    </Filter>
    <Filter Include="src\common\sqlite">
      <UniqueIdentifier>{3a86a9d8-bc31-40bc-a29d-bcaaea492440}</UniqueIdentifier>
    </Filter>
    <Filter Include="src\game">
      <UniqueIdentifier>{50531dc9-dc22-491e-bafe-b01a34a119dd}</UniqueIdentifier>
    </Filter>
    <Filter Include="src\game\entity">
      <UniqueIdentifier>{c673cc74-ea72-4937-8c4c-0bc5d18f65b8}</UniqueIdentifier>
    </Filter>
    <Filter Include="src\game\entity\subs">
      <UniqueIdentifier>{e3c97132-6c1c-4a64-a33b-2ab4af53eeef}</UniqueIdentifier>
    </Filter>
    <Filter Include="src\game\entity\subs\unit">
      <UniqueIdentifier>{b7c10e69-7cff-4461-86f4-5796a20c3871}</UniqueIdentifier>
    </Filter>
    <Filter Include="src\game\entity\subs\attribute">
      <UniqueIdentifier>{8af192ae-5e23-414a-b37b-c9ce826f1f8d}</UniqueIdentifier>
    </Filter>
    <Filter Include="src\game\entity\subs\terms">
      <UniqueIdentifier>{dda2baa3-6f35-47e2-b296-14776b78ebb9}</UniqueIdentifier>
    </Filter>
    <Filter Include="src\game\temp">
      <UniqueIdentifier>{31f6aeea-54fa-476a-b066-24966fa42220}</UniqueIdentifier>
    </Filter>
    <Filter Include="src\game\ui">
      <UniqueIdentifier>{a8eaeaba-d116-440f-bd8d-0351eb01bba9}</UniqueIdentifier>
    </Filter>
    <Filter Include="src\game\ui\battle">
      <UniqueIdentifier>{df88d1c8-8827-40a2-9177-81a7ef22cc62}</UniqueIdentifier>
    </Filter>
    <Filter Include="src\game\ui\common">
      <UniqueIdentifier>{dd1f6563-a4ce-43a2-9077-4596e19636e9}</UniqueIdentifier>
    </Filter>
    <Filter Include="src\game\ui\menu">
      <UniqueIdentifier>{9fec7203-a350-41ed-944b-f37d3b819e28}</UniqueIdentifier>
    </Filter>
    <Filter Include="src\game\ui\menu\start">
      <UniqueIdentifier>{75d4c44a-984f-463f-a9e9-0f439db9108f}</UniqueIdentifier>
    </Filter>
    <Filter Include="src\game\ui\menu\system">
      <UniqueIdentifier>{efb47d78-93ae-4999-a49e-4306cad7be3a}</UniqueIdentifier>
    </Filter>
    <Filter Include="src\welcome">
      <UniqueIdentifier>{860e387c-bb2c-4eae-a070-7a25e70b036e}</UniqueIdentifier>
    </Filter>
    <Filter Include="src\common\spriteBlur">
      <UniqueIdentifier>{9025b739-c0bc-4afa-bf48-cc394bd5d1e4}</UniqueIdentifier>
    </Filter>
    <Filter Include="src\common\define">
      <UniqueIdentifier>{7fa9417b-844b-4ea7-9562-017d41326353}</UniqueIdentifier>
    </Filter>
    <Filter Include="src\common\config">
      <UniqueIdentifier>{9b9bd056-09be-4840-afc0-be4013adfb62}</UniqueIdentifier>
    </Filter>
    <Filter Include="src\welcome\logo">
      <UniqueIdentifier>{f32c563d-1e5f-4c37-ba92-2d0cc7ab660e}</UniqueIdentifier>
    </Filter>
    <Filter Include="src\game\across">
      <UniqueIdentifier>{94c45676-860c-43f8-8cf7-2517ab4f1e32}</UniqueIdentifier>
    </Filter>
    <Filter Include="src\game\resload">
      <UniqueIdentifier>{72c16825-3f55-4329-89ce-267ce2894365}</UniqueIdentifier>
    </Filter>
    <Filter Include="src\game\entity\subs\unit\creature">
      <UniqueIdentifier>{d97c3b47-9a84-4294-b600-c98f79a7a48a}</UniqueIdentifier>
    </Filter>
    <Filter Include="src\game\entity\subs\unit\Region">
      <UniqueIdentifier>{c1f600a4-f5f1-4f66-b329-230add4605e0}</UniqueIdentifier>
    </Filter>
    <Filter Include="src\game\entity\subs\unit\rune">
      <UniqueIdentifier>{ac3edc78-5a47-47a4-989a-472208712f5c}</UniqueIdentifier>
    </Filter>
    <Filter Include="src\common\stateCallback">
      <UniqueIdentifier>{4fa2701d-8b68-481a-89d4-4cd2cb0b489c}</UniqueIdentifier>
    </Filter>
  </ItemGroup>
  <ItemGroup>
    <ClCompile Include="main.cpp">
      <Filter>win32</Filter>
    </ClCompile>
    <ClCompile Include="..\Classes\AppDelegate.cpp">
      <Filter>src</Filter>
    </ClCompile>
    <ClCompile Include="..\Classes\HelloWorldScene.cpp">
      <Filter>src</Filter>
    </ClCompile>
    <ClCompile Include="..\Classes\common\util\UtilDate.cpp">
      <Filter>src\common\util</Filter>
    </ClCompile>
    <ClCompile Include="..\Classes\common\util\UtilHelper.cpp">
      <Filter>src\common\util</Filter>
    </ClCompile>
    <ClCompile Include="..\Classes\common\util\UtilRandom.cpp">
      <Filter>src\common\util</Filter>
    </ClCompile>
    <ClCompile Include="..\Classes\common\util\UtilString.cpp">
      <Filter>src\common\util</Filter>
    </ClCompile>
    <ClCompile Include="..\Classes\common\shake\Shake.cpp">
      <Filter>src\common\shake</Filter>
    </ClCompile>
    <ClCompile Include="..\Classes\common\observer\Observer.cpp">
      <Filter>src\common\observer</Filter>
    </ClCompile>
    <ClCompile Include="..\Classes\model\data\HandleDataEntity.cpp">
      <Filter>src\model\data</Filter>
    </ClCompile>
    <ClCompile Include="..\Classes\model\data\HandleDataGrade.cpp">
      <Filter>src\model\data</Filter>
    </ClCompile>
    <ClCompile Include="..\Classes\model\data\HandleDataGrid.cpp">
      <Filter>src\model\data</Filter>
    </ClCompile>
    <ClCompile Include="..\Classes\model\data\HandleDataIncome.cpp">
      <Filter>src\model\data</Filter>
    </ClCompile>
    <ClCompile Include="..\Classes\model\data\HandleDataLevels.cpp">
      <Filter>src\model\data</Filter>
    </ClCompile>
    <ClCompile Include="..\Classes\model\data\HandleDataSkill.cpp">
      <Filter>src\model\data</Filter>
    </ClCompile>
    <ClCompile Include="..\Classes\model\data\HandleDataTime.cpp">
      <Filter>src\model\data</Filter>
    </ClCompile>
    <ClCompile Include="..\Classes\model\data\HandleDataTraining.cpp">
      <Filter>src\model\data</Filter>
    </ClCompile>
    <ClCompile Include="..\Classes\model\data\HandleDataUnlock.cpp">
      <Filter>src\model\data</Filter>
    </ClCompile>
    <ClCompile Include="..\Classes\model\data\ManagerData.cpp">
      <Filter>src\model\data</Filter>
    </ClCompile>
    <ClCompile Include="..\Classes\common\bitData\BitData.cpp">
      <Filter>src\common\bitData</Filter>
    </ClCompile>
    <ClCompile Include="..\Classes\common\sqlite\DbHelper.cpp">
      <Filter>src\common\sqlite</Filter>
    </ClCompile>
    <ClCompile Include="..\Classes\common\sqlite\shell.c">
      <Filter>src\common\sqlite</Filter>
    </ClCompile>
    <ClCompile Include="..\Classes\common\sqlite\sqlite3.c">
      <Filter>src\common\sqlite</Filter>
    </ClCompile>
    <ClCompile Include="..\Classes\game\ManagerHandle.cpp">
      <Filter>src\game</Filter>
    </ClCompile>
    <ClCompile Include="..\Classes\game\SceneGame.cpp">
      <Filter>src\game</Filter>
    </ClCompile>
    <ClCompile Include="..\Classes\game\temp\EntityTemp.cpp">
      <Filter>src\game\temp</Filter>
    </ClCompile>
    <ClCompile Include="..\Classes\game\temp\Grid.cpp">
      <Filter>src\game\temp</Filter>
    </ClCompile>
    <ClCompile Include="..\Classes\game\temp\Maid.cpp">
      <Filter>src\game\temp</Filter>
    </ClCompile>
    <ClCompile Include="..\Classes\game\temp\ManagerEntity.cpp">
      <Filter>src\game\temp</Filter>
    </ClCompile>
    <ClCompile Include="..\Classes\game\temp\ManagerGrid.cpp">
      <Filter>src\game\temp</Filter>
    </ClCompile>
    <ClCompile Include="..\Classes\game\temp\ManagerTimer.cpp">
      <Filter>src\game\temp</Filter>
    </ClCompile>
    <ClCompile Include="..\Classes\game\temp\Monster.cpp">
      <Filter>src\game\temp</Filter>
    </ClCompile>
    <ClCompile Include="..\Classes\game\temp\Scenery.cpp">
      <Filter>src\game\temp</Filter>
    </ClCompile>
    <ClCompile Include="..\Classes\game\entity\LayerEntity.cpp">
      <Filter>src\game\entity</Filter>
    </ClCompile>
    <ClCompile Include="..\Classes\game\entity\Entity.cpp">
      <Filter>src\game\entity\subs</Filter>
    </ClCompile>
    <ClCompile Include="..\Classes\game\entity\Attribute.cpp">
      <Filter>src\game\entity\subs\attribute</Filter>
    </ClCompile>
    <ClCompile Include="..\Classes\game\entity\Terms.cpp">
      <Filter>src\game\entity\subs\terms</Filter>
    </ClCompile>
    <ClCompile Include="..\Classes\game\ui\battle\HandleBg.cpp">
      <Filter>src\game\ui\battle</Filter>
    </ClCompile>
    <ClCompile Include="..\Classes\game\ui\battle\HandleGrid.cpp">
      <Filter>src\game\ui\battle</Filter>
    </ClCompile>
    <ClCompile Include="..\Classes\game\ui\battle\HandleHead.cpp">
      <Filter>src\game\ui\battle</Filter>
    </ClCompile>
    <ClCompile Include="..\Classes\game\ui\battle\HandleUIEntity.cpp">
      <Filter>src\game\ui\battle</Filter>
    </ClCompile>
    <ClCompile Include="..\Classes\game\ui\battle\LayerBattle.cpp">
      <Filter>src\game\ui\battle</Filter>
    </ClCompile>
    <ClCompile Include="..\Classes\game\ui\battle\LayerBattleResult.cpp">
      <Filter>src\game\ui\battle</Filter>
    </ClCompile>
    <ClCompile Include="..\Classes\game\ui\battle\LayerCatch.cpp">
      <Filter>src\game\ui\battle</Filter>
    </ClCompile>
    <ClCompile Include="..\Classes\game\ui\battle\LayerGradeUp.cpp">
      <Filter>src\game\ui\battle</Filter>
    </ClCompile>
    <ClCompile Include="..\Classes\game\ui\battle\LayerGridSelect.cpp">
      <Filter>src\game\ui\battle</Filter>
    </ClCompile>
    <ClCompile Include="..\Classes\game\ui\battle\NodeCircleLine.cpp">
      <Filter>src\game\ui\battle</Filter>
    </ClCompile>
    <ClCompile Include="..\Classes\game\ui\battle\NodeHead.cpp">
      <Filter>src\game\ui\battle</Filter>
    </ClCompile>
    <ClCompile Include="..\Classes\game\ui\LayerMenuStart.cpp">
      <Filter>src\game\ui\menu\start</Filter>
    </ClCompile>
    <ClCompile Include="..\Classes\game\ui\LayerMenuSystem.cpp">
      <Filter>src\game\ui\menu\system</Filter>
    </ClCompile>
    <ClCompile Include="..\Classes\common\spriteBlur\SpriteBlur.cpp">
      <Filter>src\common\spriteBlur</Filter>
    </ClCompile>
    <ClCompile Include="..\Classes\common\config\ManagerCfg.cpp">
      <Filter>src\common\config</Filter>
    </ClCompile>
    <ClCompile Include="..\Classes\welcome\SceneWelcome.cpp">
      <Filter>src\welcome</Filter>
    </ClCompile>
    <ClCompile Include="..\Classes\game\across\LayerAcross.cpp">
      <Filter>src\game\across</Filter>
    </ClCompile>
    <ClCompile Include="..\Classes\game\resload\LayerResLoad.cpp">
      <Filter>src\game\resload</Filter>
    </ClCompile>
    <ClCompile Include="..\Classes\game\entity\HandleEntity.cpp">
      <Filter>src\game\entity\subs</Filter>
    </ClCompile>
    <ClCompile Include="..\Classes\game\entity\ModelEntity.cpp">
      <Filter>src\game\entity\subs</Filter>
    </ClCompile>
    <ClCompile Include="..\Classes\game\entity\Creature.cpp">
      <Filter>src\game\entity\subs\unit\creature</Filter>
    </ClCompile>
    <ClCompile Include="..\Classes\game\entity\Region.cpp">
      <Filter>src\game\entity\subs\unit\Region</Filter>
    </ClCompile>
    <ClCompile Include="..\Classes\game\entity\Rune.cpp">
      <Filter>src\game\entity\subs\unit\rune</Filter>
    </ClCompile>
    <ClCompile Include="..\Classes\game\entity\Unit.cpp">
      <Filter>src\game\entity\subs\unit</Filter>
    </ClCompile>
    <ClCompile Include="..\Classes\game\entity\ModelUnit.cpp">
      <Filter>src\game\entity\subs\unit</Filter>
    </ClCompile>
    <ClCompile Include="..\Classes\game\entity\HandleUnit.cpp">
      <Filter>src\game\entity\subs\unit</Filter>
    </ClCompile>
    <ClCompile Include="..\Classes\game\entity\HandleCreature.cpp">
      <Filter>src\game\entity\subs\unit\creature</Filter>
    </ClCompile>
    <ClCompile Include="..\Classes\game\entity\ModelCreature.cpp">
      <Filter>src\game\entity\subs\unit\creature</Filter>
    </ClCompile>
    <ClCompile Include="..\Classes\game\entity\HandleRune.cpp">
      <Filter>src\game\entity\subs\unit\rune</Filter>
    </ClCompile>
    <ClCompile Include="..\Classes\game\entity\ModelRune.cpp">
      <Filter>src\game\entity\subs\unit\rune</Filter>
    </ClCompile>
    <ClCompile Include="..\Classes\game\entity\HandleRegion.cpp">
      <Filter>src\game\entity\subs\unit\Region</Filter>
    </ClCompile>
    <ClCompile Include="..\Classes\game\entity\ModelRegion.cpp">
      <Filter>src\game\entity\subs\unit\Region</Filter>
    </ClCompile>
    <ClCompile Include="..\Classes\game\across\CricleDotLine.cpp">
      <Filter>src\game\across</Filter>
    </ClCompile>
    <ClCompile Include="..\Classes\game\across\LayerAcrossModel.cpp">
      <Filter>src\game\across</Filter>
    </ClCompile>
    <ClCompile Include="..\Classes\game\across\LayerAcrossHandle.cpp">
      <Filter>src\game\across</Filter>
    </ClCompile>
    <ClCompile Include="..\Classes\welcome\SceneWelcomeModel.cpp">
      <Filter>src\welcome</Filter>
    </ClCompile>
    <ClCompile Include="..\Classes\welcome\SceneWelcomeHandle.cpp">
      <Filter>src\welcome</Filter>
    </ClCompile>
    <ClCompile Include="..\Classes\welcome\logo\LayerLogo.cpp">
      <Filter>src\welcome\logo</Filter>
    </ClCompile>
    <ClCompile Include="..\Classes\welcome\logo\LayerLogoHandle.cpp">
      <Filter>src\welcome\logo</Filter>
    </ClCompile>
    <ClCompile Include="..\Classes\welcome\logo\LayerLogoModel.cpp">
      <Filter>src\welcome\logo</Filter>
    </ClCompile>
    <ClCompile Include="..\Classes\game\SceneGameModel.cpp">
      <Filter>src\game</Filter>
    </ClCompile>
    <ClCompile Include="..\Classes\game\SceneGameHandle.cpp">
      <Filter>src\game</Filter>
    </ClCompile>
    <ClCompile Include="..\Classes\game\entity\LayerEntityModel.cpp">
      <Filter>src\game\entity</Filter>
    </ClCompile>
    <ClCompile Include="..\Classes\game\entity\LayerEntityHandle.cpp">
      <Filter>src\game\entity</Filter>
    </ClCompile>
    <ClCompile Include="..\Classes\game\resload\LayerResLoadModel.cpp">
      <Filter>src\game\resload</Filter>
    </ClCompile>
    <ClCompile Include="..\Classes\game\resload\LayerResLoadHandle.cpp">
      <Filter>src\game\resload</Filter>
    </ClCompile>
    <ClCompile Include="..\Classes\game\ui\LayerMenuSystemModel.cpp">
      <Filter>src\game\ui\menu\system</Filter>
    </ClCompile>
    <ClCompile Include="..\Classes\game\ui\LayerMenuSystemHandle.cpp">
      <Filter>src\game\ui\menu\system</Filter>
    </ClCompile>
    <ClCompile Include="..\Classes\game\ui\LayerMenuStartHandle.cpp">
      <Filter>src\game\ui\menu\start</Filter>
    </ClCompile>
    <ClCompile Include="..\Classes\game\ui\LayerMenuStartModel.cpp">
      <Filter>src\game\ui\menu\start</Filter>
    </ClCompile>
  </ItemGroup>
  <ItemGroup>
    <ClInclude Include="main.h">
      <Filter>win32</Filter>
    </ClInclude>
    <ClInclude Include="..\Classes\AppDelegate.h">
      <Filter>src</Filter>
    </ClInclude>
    <ClInclude Include="..\Classes\HelloWorldScene.h">
      <Filter>src</Filter>
    </ClInclude>
    <ClInclude Include="..\Classes\common\util\UtilDate.h">
      <Filter>src\common\util</Filter>
    </ClInclude>
    <ClInclude Include="..\Classes\common\util\UtilHelper.h">
      <Filter>src\common\util</Filter>
    </ClInclude>
    <ClInclude Include="..\Classes\common\util\UtilRandom.h">
      <Filter>src\common\util</Filter>
    </ClInclude>
    <ClInclude Include="..\Classes\common\util\UtilString.h">
      <Filter>src\common\util</Filter>
    </ClInclude>
    <ClInclude Include="..\Classes\common\shake\Shake.h">
      <Filter>src\common\shake</Filter>
    </ClInclude>
    <ClInclude Include="..\Classes\common\observer\Observer.h">
      <Filter>src\common\observer</Filter>
    </ClInclude>
    <ClInclude Include="..\Classes\model\data\ManagerData.h">
      <Filter>src\model\data</Filter>
    </ClInclude>
    <ClInclude Include="..\Classes\common\bitData\BitData.h">
      <Filter>src\common\bitData</Filter>
    </ClInclude>
    <ClInclude Include="..\Classes\common\sqlite\DbHelper.h">
      <Filter>src\common\sqlite</Filter>
    </ClInclude>
    <ClInclude Include="..\Classes\common\sqlite\sqlite3.h">
      <Filter>src\common\sqlite</Filter>
    </ClInclude>
    <ClInclude Include="..\Classes\common\sqlite\sqlite3ext.h">
      <Filter>src\common\sqlite</Filter>
    </ClInclude>
    <ClInclude Include="..\Classes\game\ManagerHandle.h">
      <Filter>src\game</Filter>
    </ClInclude>
    <ClInclude Include="..\Classes\game\SceneGame.h">
      <Filter>src\game</Filter>
    </ClInclude>
    <ClInclude Include="..\Classes\game\temp\EntityTemp.h">
      <Filter>src\game\temp</Filter>
    </ClInclude>
    <ClInclude Include="..\Classes\game\temp\Grid.h">
      <Filter>src\game\temp</Filter>
    </ClInclude>
    <ClInclude Include="..\Classes\game\temp\Maid.h">
      <Filter>src\game\temp</Filter>
    </ClInclude>
    <ClInclude Include="..\Classes\game\temp\ManagerEntity.h">
      <Filter>src\game\temp</Filter>
    </ClInclude>
    <ClInclude Include="..\Classes\game\temp\ManagerGrid.h">
      <Filter>src\game\temp</Filter>
    </ClInclude>
    <ClInclude Include="..\Classes\game\temp\ManagerTimer.h">
      <Filter>src\game\temp</Filter>
    </ClInclude>
    <ClInclude Include="..\Classes\game\temp\Monster.h">
      <Filter>src\game\temp</Filter>
    </ClInclude>
    <ClInclude Include="..\Classes\game\temp\Scenery.h">
      <Filter>src\game\temp</Filter>
    </ClInclude>
    <ClInclude Include="..\Classes\game\entity\LayerEntity.h">
      <Filter>src\game\entity</Filter>
    </ClInclude>
    <ClInclude Include="..\Classes\game\entity\Entity.h">
      <Filter>src\game\entity\subs</Filter>
    </ClInclude>
    <ClInclude Include="..\Classes\game\entity\Attribute.h">
      <Filter>src\game\entity\subs\attribute</Filter>
    </ClInclude>
    <ClInclude Include="..\Classes\game\entity\Terms.h">
      <Filter>src\game\entity\subs\terms</Filter>
    </ClInclude>
    <ClInclude Include="..\Classes\game\entity\Unit.h">
      <Filter>src\game\entity\subs\unit</Filter>
    </ClInclude>
    <ClInclude Include="..\Classes\game\ui\battle\HandleBg.h">
      <Filter>src\game\ui\battle</Filter>
    </ClInclude>
    <ClInclude Include="..\Classes\game\ui\battle\HandleGrid.h">
      <Filter>src\game\ui\battle</Filter>
    </ClInclude>
    <ClInclude Include="..\Classes\game\ui\battle\HandleHead.h">
      <Filter>src\game\ui\battle</Filter>
    </ClInclude>
    <ClInclude Include="..\Classes\game\ui\battle\HandleUIEntity.h">
      <Filter>src\game\ui\battle</Filter>
    </ClInclude>
    <ClInclude Include="..\Classes\game\ui\battle\LayerBattle.h">
      <Filter>src\game\ui\battle</Filter>
    </ClInclude>
    <ClInclude Include="..\Classes\game\ui\battle\LayerBattleResult.h">
      <Filter>src\game\ui\battle</Filter>
    </ClInclude>
    <ClInclude Include="..\Classes\game\ui\battle\LayerCatch.h">
      <Filter>src\game\ui\battle</Filter>
    </ClInclude>
    <ClInclude Include="..\Classes\game\ui\battle\LayerGradeUp.h">
      <Filter>src\game\ui\battle</Filter>
    </ClInclude>
    <ClInclude Include="..\Classes\game\ui\battle\LayerGridSelect.h">
      <Filter>src\game\ui\battle</Filter>
    </ClInclude>
    <ClInclude Include="..\Classes\game\ui\battle\NodeCircleLine.h">
      <Filter>src\game\ui\battle</Filter>
    </ClInclude>
    <ClInclude Include="..\Classes\game\ui\battle\NodeHead.h">
      <Filter>src\game\ui\battle</Filter>
    </ClInclude>
    <ClInclude Include="..\Classes\game\ui\ILayerAppearDisappear.h">
      <Filter>src\game\ui\common</Filter>
    </ClInclude>
    <ClInclude Include="..\Classes\game\ui\HandleMenuStart.h">
      <Filter>src\game\ui\menu\start</Filter>
    </ClInclude>
    <ClInclude Include="..\Classes\game\ui\ILayerMenuStart.h">
      <Filter>src\game\ui\menu\start</Filter>
    </ClInclude>
    <ClInclude Include="..\Classes\game\ui\LayerMenuStart.h">
      <Filter>src\game\ui\menu\start</Filter>
    </ClInclude>
    <ClInclude Include="..\Classes\game\ui\LayerMenuSystem.h">
      <Filter>src\game\ui\menu\system</Filter>
    </ClInclude>
    <ClInclude Include="..\Classes\common\spriteBlur\SpriteBlur.h">
      <Filter>src\common\spriteBlur</Filter>
    </ClInclude>
    <ClInclude Include="..\Classes\common\define\DefinesNamespace.h">
      <Filter>src\common\define</Filter>
    </ClInclude>
    <ClInclude Include="..\Classes\common\define\DefinesRes.h">
      <Filter>src\common\define</Filter>
    </ClInclude>
    <ClInclude Include="..\Classes\common\define\DefinesString.h">
      <Filter>src\common\define</Filter>
    </ClInclude>
    <ClInclude Include="..\Classes\common\define\DefinesValue.h">
      <Filter>src\common\define</Filter>
    </ClInclude>
    <ClInclude Include="..\Classes\common\config\ManagerCfg.h">
      <Filter>src\common\config</Filter>
    </ClInclude>
    <ClInclude Include="..\Classes\common\config\ManagerCfgDefines.h">
      <Filter>src\common\config</Filter>
    </ClInclude>
    <ClInclude Include="..\Classes\welcome\SceneWelcome.h">
      <Filter>src\welcome</Filter>
    </ClInclude>
    <ClInclude Include="..\Classes\game\across\LayerAcross.h">
      <Filter>src\game\across</Filter>
    </ClInclude>
    <ClInclude Include="..\Classes\game\resload\LayerResLoad.h">
      <Filter>src\game\resload</Filter>
    </ClInclude>
    <ClInclude Include="..\Classes\game\entity\IEntity.h">
      <Filter>src\game\entity\subs</Filter>
    </ClInclude>
    <ClInclude Include="..\Classes\game\entity\ModelEntity.h">
      <Filter>src\game\entity\subs</Filter>
    </ClInclude>
    <ClInclude Include="..\Classes\game\entity\HandleEntity.h">
      <Filter>src\game\entity\subs</Filter>
    </ClInclude>
    <ClInclude Include="..\Classes\game\entity\Creature.h">
      <Filter>src\game\entity\subs\unit\creature</Filter>
    </ClInclude>
    <ClInclude Include="..\Classes\game\entity\ModelCreature.h">
      <Filter>src\game\entity\subs\unit\creature</Filter>
    </ClInclude>
    <ClInclude Include="..\Classes\game\entity\Region.h">
      <Filter>src\game\entity\subs\unit\Region</Filter>
    </ClInclude>
    <ClInclude Include="..\Classes\game\entity\Rune.h">
      <Filter>src\game\entity\subs\unit\rune</Filter>
    </ClInclude>
    <ClInclude Include="..\Classes\game\entity\HandleCreature.h">
      <Filter>src\game\entity\subs\unit\creature</Filter>
    </ClInclude>
    <ClInclude Include="..\Classes\game\entity\HandleUnit.h">
      <Filter>src\game\entity\subs\unit</Filter>
    </ClInclude>
    <ClInclude Include="..\Classes\game\entity\IUnit.h">
      <Filter>src\game\entity\subs\unit</Filter>
    </ClInclude>
    <ClInclude Include="..\Classes\game\entity\ModelUnit.h">
      <Filter>src\game\entity\subs\unit</Filter>
    </ClInclude>
    <ClInclude Include="..\Classes\game\entity\ICreature.h">
      <Filter>src\game\entity\subs\unit\creature</Filter>
    </ClInclude>
    <ClInclude Include="..\Classes\game\entity\IRune.h">
      <Filter>src\game\entity\subs\unit\rune</Filter>
    </ClInclude>
    <ClInclude Include="..\Classes\game\entity\HandleRune.h">
      <Filter>src\game\entity\subs\unit\rune</Filter>
    </ClInclude>
    <ClInclude Include="..\Classes\game\entity\ModelRune.h">
      <Filter>src\game\entity\subs\unit\rune</Filter>
    </ClInclude>
    <ClInclude Include="..\Classes\game\entity\HandleRegion.h">
      <Filter>src\game\entity\subs\unit\Region</Filter>
    </ClInclude>
    <ClInclude Include="..\Classes\game\entity\IRegion.h">
      <Filter>src\game\entity\subs\unit\Region</Filter>
    </ClInclude>
    <ClInclude Include="..\Classes\game\entity\ModelRegion.h">
      <Filter>src\game\entity\subs\unit\Region</Filter>
    </ClInclude>
    <ClInclude Include="..\Classes\game\across\CricleDotLine.h">
      <Filter>src\game\across</Filter>
    </ClInclude>
    <ClInclude Include="..\Classes\common\stateCallback\StateCallback.h">
      <Filter>src\common\stateCallback</Filter>
    </ClInclude>
    <ClInclude Include="..\Classes\welcome\logo\LayerLogo.h">
      <Filter>src\welcome\logo</Filter>
    </ClInclude>
  </ItemGroup>
  <ItemGroup>
    <ResourceCompile Include="game.rc">
      <Filter>resource</Filter>
    </ResourceCompile>
  </ItemGroup>
  <ItemGroup>
    <None Include="ClassDiagram.cd" />
  </ItemGroup>
</Project>